
Microsoft Visual Studio Solution File, Format Version 12.00
# Visual Studio Version 17
VisualStudioVersion = 17.4.33205.214
MinimumVisualStudioVersion = 10.0.40219.1
Project("{2150E333-8FDC-42A3-9474-1A3956D46DE8}") = "src", "src", "{8B8D9476-EC48-44A4-BC15-0DF5879429B3}"
EndProject
Project("{2150E333-8FDC-42A3-9474-1A3956D46DE8}") = "1-Domain", "1-Domain", "{A92F85A2-23C6-4EC2-9564-F0DE1E23D647}"
EndProject
Project("{2150E333-8FDC-42A3-9474-1A3956D46DE8}") = "2-Infrastructure", "2-Infrastructure", "{92F063FB-FFE4-496A-9194-CEF87955CB0E}"
EndProject
Project("{2150E333-8FDC-42A3-9474-1A3956D46DE8}") = "3-EndPoint", "3-EndPoint", "{5092CD86-C83F-49F1-9859-3DFE71924FF5}"
EndProject
Project("{2150E333-8FDC-42A3-9474-1A3956D46DE8}") = "Core", "Core", "{970C2391-82F2-4880-A80E-C5A167F0F806}"
EndProject
Project("{2150E333-8FDC-42A3-9474-1A3956D46DE8}") = "Service", "Service", "{EACCA6C3-4AEC-407A-8BC5-61116517CA5C}"
EndProject
Project("{9A19103F-16F7-4668-BE54-9A1E7A4F7556}") = "App.Domain.Core", "App.Domain.Core\App.Domain.Core.csproj", "{6D5018BA-06E4-4626-B358-D3D9FEE4D355}"
EndProject
Project("{9A19103F-16F7-4668-BE54-9A1E7A4F7556}") = "App.Domain.AppServices", "App.Domain.AppServices\App.Domain.AppServices.csproj", "{6EEA7474-ACB1-49C6-8385-B8407847CB15}"
EndProject
Project("{9A19103F-16F7-4668-BE54-9A1E7A4F7556}") = "App.Domain.Services", "App.Domain.Services\App.Domain.Services.csproj", "{2089B17A-0758-49F3-B48C-30E4FF85D9A4}"
EndProject
Project("{9A19103F-16F7-4668-BE54-9A1E7A4F7556}") = "App.Infrastructure.Repositories.Ef", "App.Infrastructure.Repositories.Ef\App.Infrastructure.Repositories.Ef.csproj", "{0F8ADA1C-922C-44A7-B282-901853946C35}"
EndProject
Project("{9A19103F-16F7-4668-BE54-9A1E7A4F7556}") = "App.Infrastructure.SqlServers", "App.Infrastructure.SqlServers\App.Infrastructure.SqlServers.csproj", "{EC5D1E93-48D9-4B71-B5EA-D8D92C89EC85}"
EndProject
Project("{9A19103F-16F7-4668-BE54-9A1E7A4F7556}") = "App.EndPoint.Mvc.UI", "App.EndPoint.Mvc.UI\App.EndPoint.Mvc.UI.csproj", "{15B2B9C1-4E8A-47E4-B0F6-88E313011679}"
EndProject
Global
	GlobalSection(SolutionConfigurationPlatforms) = preSolution
		Debug|Any CPU = Debug|Any CPU
		Release|Any CPU = Release|Any CPU
	EndGlobalSection
	GlobalSection(ProjectConfigurationPlatforms) = postSolution
		{6D5018BA-06E4-4626-B358-D3D9FEE4D355}.Debug|Any CPU.ActiveCfg = Debug|Any CPU
		{6D5018BA-06E4-4626-B358-D3D9FEE4D355}.Debug|Any CPU.Build.0 = Debug|Any CPU
		{6D5018BA-06E4-4626-B358-D3D9FEE4D355}.Release|Any CPU.ActiveCfg = Release|Any CPU
		{6D5018BA-06E4-4626-B358-D3D9FEE4D355}.Release|Any CPU.Build.0 = Release|Any CPU
		{6EEA7474-ACB1-49C6-8385-B8407847CB15}.Debug|Any CPU.ActiveCfg = Debug|Any CPU
		{6EEA7474-ACB1-49C6-8385-B8407847CB15}.Debug|Any CPU.Build.0 = Debug|Any CPU
		{6EEA7474-ACB1-49C6-8385-B8407847CB15}.Release|Any CPU.ActiveCfg = Release|Any CPU
		{6EEA7474-ACB1-49C6-8385-B8407847CB15}.Release|Any CPU.Build.0 = Release|Any CPU
		{2089B17A-0758-49F3-B48C-30E4FF85D9A4}.Debug|Any CPU.ActiveCfg = Debug|Any CPU
		{2089B17A-0758-49F3-B48C-30E4FF85D9A4}.Debug|Any CPU.Build.0 = Debug|Any CPU
		{2089B17A-0758-49F3-B48C-30E4FF85D9A4}.Release|Any CPU.ActiveCfg = Release|Any CPU
		{2089B17A-0758-49F3-B48C-30E4FF85D9A4}.Release|Any CPU.Build.0 = Release|Any CPU
		{0F8ADA1C-922C-44A7-B282-901853946C35}.Debug|Any CPU.ActiveCfg = Debug|Any CPU
		{0F8ADA1C-922C-44A7-B282-901853946C35}.Debug|Any CPU.Build.0 = Debug|Any CPU
		{0F8ADA1C-922C-44A7-B282-901853946C35}.Release|Any CPU.ActiveCfg = Release|Any CPU
		{0F8ADA1C-922C-44A7-B282-901853946C35}.Release|Any CPU.Build.0 = Release|Any CPU
		{EC5D1E93-48D9-4B71-B5EA-D8D92C89EC85}.Debug|Any CPU.ActiveCfg = Debug|Any CPU
		{EC5D1E93-48D9-4B71-B5EA-D8D92C89EC85}.Debug|Any CPU.Build.0 = Debug|Any CPU
		{EC5D1E93-48D9-4B71-B5EA-D8D92C89EC85}.Release|Any CPU.ActiveCfg = Release|Any CPU
		{EC5D1E93-48D9-4B71-B5EA-D8D92C89EC85}.Release|Any CPU.Build.0 = Release|Any CPU
		{15B2B9C1-4E8A-47E4-B0F6-88E313011679}.Debug|Any CPU.ActiveCfg = Debug|Any CPU
		{15B2B9C1-4E8A-47E4-B0F6-88E313011679}.Debug|Any CPU.Build.0 = Debug|Any CPU
		{15B2B9C1-4E8A-47E4-B0F6-88E313011679}.Release|Any CPU.ActiveCfg = Release|Any CPU
		{15B2B9C1-4E8A-47E4-B0F6-88E313011679}.Release|Any CPU.Build.0 = Release|Any CPU
	EndGlobalSection
	GlobalSection(SolutionProperties) = preSolution
		HideSolutionNode = FALSE
	EndGlobalSection
	GlobalSection(NestedProjects) = preSolution
		{A92F85A2-23C6-4EC2-9564-F0DE1E23D647} = {8B8D9476-EC48-44A4-BC15-0DF5879429B3}
		{92F063FB-FFE4-496A-9194-CEF87955CB0E} = {8B8D9476-EC48-44A4-BC15-0DF5879429B3}
		{5092CD86-C83F-49F1-9859-3DFE71924FF5} = {8B8D9476-EC48-44A4-BC15-0DF5879429B3}
		{970C2391-82F2-4880-A80E-C5A167F0F806} = {A92F85A2-23C6-4EC2-9564-F0DE1E23D647}
		{EACCA6C3-4AEC-407A-8BC5-61116517CA5C} = {A92F85A2-23C6-4EC2-9564-F0DE1E23D647}
		{6D5018BA-06E4-4626-B358-D3D9FEE4D355} = {970C2391-82F2-4880-A80E-C5A167F0F806}
		{6EEA7474-ACB1-49C6-8385-B8407847CB15} = {EACCA6C3-4AEC-407A-8BC5-61116517CA5C}
		{2089B17A-0758-49F3-B48C-30E4FF85D9A4} = {EACCA6C3-4AEC-407A-8BC5-61116517CA5C}
		{0F8ADA1C-922C-44A7-B282-901853946C35} = {92F063FB-FFE4-496A-9194-CEF87955CB0E}
		{EC5D1E93-48D9-4B71-B5EA-D8D92C89EC85} = {92F063FB-FFE4-496A-9194-CEF87955CB0E}
		{15B2B9C1-4E8A-47E4-B0F6-88E313011679} = {5092CD86-C83F-49F1-9859-3DFE71924FF5}
	EndGlobalSection
	GlobalSection(ExtensibilityGlobals) = postSolution
		SolutionGuid = {13345E95-4CF0-4DDB-82E1-6940792BD4F8}
	EndGlobalSection
EndGlobal
